
Microsoft Visual Studio Solution File, Format Version 12.00
# Visual Studio Version 17
VisualStudioVersion = 17.5.33530.505
MinimumVisualStudioVersion = 10.0.40219.1
Project("{F184B08F-C81C-45F6-A57F-5ABD9991F28F}") = "SST4500_1_0_0E", "SST4500_1_0_0E.vbproj", "{5D667461-D287-4FE4-83AC-8FB143DD5CE6}"
EndProject
Project("{2150E333-8FDC-42A3-9474-1A3956D46DE8}") = "ソリューション項目", "ソリューション項目", "{239916C8-59CD-45A4-A9A3-DBA4DA7756F3}"
EndProject
Project("{54435603-DBB4-11D2-8724-00A0C9A8B90C}") = "SST4500E_Installer", "..\SST4500E_Installer\SST4500E_Installer.vdproj", "{388421A9-6594-407B-9217-15E8B3F07F7A}"
EndProject
Global
	GlobalSection(SolutionConfigurationPlatforms) = preSolution
		Debug|Any CPU = Debug|Any CPU
		Release|Any CPU = Release|Any CPU
	EndGlobalSection
	GlobalSection(ProjectConfigurationPlatforms) = postSolution
		{5D667461-D287-4FE4-83AC-8FB143DD5CE6}.Debug|Any CPU.ActiveCfg = Debug|Any CPU
		{5D667461-D287-4FE4-83AC-8FB143DD5CE6}.Debug|Any CPU.Build.0 = Debug|Any CPU
		{5D667461-D287-4FE4-83AC-8FB143DD5CE6}.Release|Any CPU.ActiveCfg = Release|Any CPU
		{5D667461-D287-4FE4-83AC-8FB143DD5CE6}.Release|Any CPU.Build.0 = Release|Any CPU
		{388421A9-6594-407B-9217-15E8B3F07F7A}.Debug|Any CPU.ActiveCfg = Debug
		{388421A9-6594-407B-9217-15E8B3F07F7A}.Release|Any CPU.ActiveCfg = Release
	EndGlobalSection
	GlobalSection(SolutionProperties) = preSolution
		HideSolutionNode = FALSE
	EndGlobalSection
	GlobalSection(ExtensibilityGlobals) = postSolution
		SolutionGuid = {7B985B3B-7807-41C4-A017-DBD58BDDB902}
	EndGlobalSection
EndGlobal
